// !$*UTF8*$!
{
	archiveVersion = 1;
	classes = {
	};
	objectVersion = 50;
	objects = {

/* Begin PBXBuildFile section */
		B5161E47266CD2DD00BCD68C /* AppDelegate.swift in Sources */ = {isa = PBXBuildFile; fileRef = B5161E46266CD2DD00BCD68C /* AppDelegate.swift */; };
		B5161E49266CD2DD00BCD68C /* SceneDelegate.swift in Sources */ = {isa = PBXBuildFile; fileRef = B5161E48266CD2DD00BCD68C /* SceneDelegate.swift */; };
		B5161E4B266CD2DD00BCD68C /* ViewController.swift in Sources */ = {isa = PBXBuildFile; fileRef = B5161E4A266CD2DD00BCD68C /* ViewController.swift */; };
		B5161E4E266CD2DD00BCD68C /* Main.storyboard in Resources */ = {isa = PBXBuildFile; fileRef = B5161E4C266CD2DD00BCD68C /* Main.storyboard */; };
		B5161E50266CD2E000BCD68C /* Assets.xcassets in Resources */ = {isa = PBXBuildFile; fileRef = B5161E4F266CD2E000BCD68C /* Assets.xcassets */; };
		B5161E53266CD2E000BCD68C /* LaunchScreen.storyboard in Resources */ = {isa = PBXBuildFile; fileRef = B5161E51266CD2E000BCD68C /* LaunchScreen.storyboard */; };
		B5161E60266CD77F00BCD68C /* ViewController+AlertController.swift in Sources */ = {isa = PBXBuildFile; fileRef = B5161E5F266CD77F00BCD68C /* ViewController+AlertController.swift */; };
		B5161E62266CDAD100BCD68C /* NetworkManager.swift in Sources */ = {isa = PBXBuildFile; fileRef = B5161E61266CDAD100BCD68C /* NetworkManager.swift */; };
		B5161E65266CDEF800BCD68C /* CurrentWeatherData.swift in Sources */ = {isa = PBXBuildFile; fileRef = B5161E64266CDEF800BCD68C /* CurrentWeatherData.swift */; };
		B5161E68266CDF9B00BCD68C /* CurrentWeather.swift in Sources */ = {isa = PBXBuildFile; fileRef = B5161E67266CDF9B00BCD68C /* CurrentWeather.swift */; };
/* End PBXBuildFile section */

/* Begin PBXFileReference section */
		B5161E43266CD2DD00BCD68C /* WeatherApp.app */ = {isa = PBXFileReference; explicitFileType = wrapper.application; includeInIndex = 0; path = WeatherApp.app; sourceTree = BUILT_PRODUCTS_DIR; };
		B5161E46266CD2DD00BCD68C /* AppDelegate.swift */ = {isa = PBXFileReference; lastKnownFileType = sourcecode.swift; path = AppDelegate.swift; sourceTree = "<group>"; };
		B5161E48266CD2DD00BCD68C /* SceneDelegate.swift */ = {isa = PBXFileReference; lastKnownFileType = sourcecode.swift; path = SceneDelegate.swift; sourceTree = "<group>"; };
		B5161E4A266CD2DD00BCD68C /* ViewController.swift */ = {isa = PBXFileReference; lastKnownFileType = sourcecode.swift; path = ViewController.swift; sourceTree = "<group>"; };
		B5161E4D266CD2DD00BCD68C /* Base */ = {isa = PBXFileReference; lastKnownFileType = file.storyboard; name = Base; path = Base.lproj/Main.storyboard; sourceTree = "<group>"; };
		B5161E4F266CD2E000BCD68C /* Assets.xcassets */ = {isa = PBXFileReference; lastKnownFileType = folder.assetcatalog; path = Assets.xcassets; sourceTree = "<group>"; };
		B5161E52266CD2E000BCD68C /* Base */ = {isa = PBXFileReference; lastKnownFileType = file.storyboard; name = Base; path = Base.lproj/LaunchScreen.storyboard; sourceTree = "<group>"; };
		B5161E54266CD2E000BCD68C /* Info.plist */ = {isa = PBXFileReference; lastKnownFileType = text.plist.xml; path = Info.plist; sourceTree = "<group>"; };
		B5161E5F266CD77F00BCD68C /* ViewController+AlertController.swift */ = {isa = PBXFileReference; lastKnownFileType = sourcecode.swift; path = "ViewController+AlertController.swift"; sourceTree = "<group>"; };
		B5161E61266CDAD100BCD68C /* NetworkManager.swift */ = {isa = PBXFileReference; lastKnownFileType = sourcecode.swift; path = NetworkManager.swift; sourceTree = "<group>"; };
		B5161E64266CDEF800BCD68C /* CurrentWeatherData.swift */ = {isa = PBXFileReference; lastKnownFileType = sourcecode.swift; path = CurrentWeatherData.swift; sourceTree = "<group>"; };
		B5161E67266CDF9B00BCD68C /* CurrentWeather.swift */ = {isa = PBXFileReference; lastKnownFileType = sourcecode.swift; path = CurrentWeather.swift; sourceTree = "<group>"; };
/* End PBXFileReference section */

/* Begin PBXFrameworksBuildPhase section */
		B5161E40266CD2DD00BCD68C /* Frameworks */ = {
			isa = PBXFrameworksBuildPhase;
			buildActionMask = 2147483647;
			files = (
			);
			runOnlyForDeploymentPostprocessing = 0;
		};
/* End PBXFrameworksBuildPhase section */

/* Begin PBXGroup section */
		B5161E3A266CD2DD00BCD68C = {
			isa = PBXGroup;
			children = (
				B5161E5E266CD33600BCD68C /* View Controller */,
				B5161E5D266CD33200BCD68C /* View */,
				B5161E5C266CD32400BCD68C /* Supporting files */,
				B5161E5B266CD31D00BCD68C /* Models */,
				B5161E5A266CD31600BCD68C /* Extensions */,
				B5161E45266CD2DD00BCD68C /* WeatherApp */,
				B5161E44266CD2DD00BCD68C /* Products */,
			);
			sourceTree = "<group>";
		};
		B5161E44266CD2DD00BCD68C /* Products */ = {
			isa = PBXGroup;
			children = (
				B5161E43266CD2DD00BCD68C /* WeatherApp.app */,
			);
			name = Products;
			sourceTree = "<group>";
		};
		B5161E45266CD2DD00BCD68C /* WeatherApp */ = {
			isa = PBXGroup;
			children = (
			);
			path = WeatherApp;
			sourceTree = "<group>";
		};
		B5161E5A266CD31600BCD68C /* Extensions */ = {
			isa = PBXGroup;
			children = (
				B5161E5F266CD77F00BCD68C /* ViewController+AlertController.swift */,
			);
			path = Extensions;
			sourceTree = "<group>";
		};
		B5161E5B266CD31D00BCD68C /* Models */ = {
			isa = PBXGroup;
			children = (
				B5161E61266CDAD100BCD68C /* NetworkManager.swift */,
				B5161E64266CDEF800BCD68C /* CurrentWeatherData.swift */,
				B5161E67266CDF9B00BCD68C /* CurrentWeather.swift */,
			);
			path = Models;
			sourceTree = "<group>";
		};
		B5161E5C266CD32400BCD68C /* Supporting files */ = {
			isa = PBXGroup;
			children = (
				B5161E54266CD2E000BCD68C /* Info.plist */,
				B5161E46266CD2DD00BCD68C /* AppDelegate.swift */,
				B5161E48266CD2DD00BCD68C /* SceneDelegate.swift */,
				B5161E4F266CD2E000BCD68C /* Assets.xcassets */,
				B5161E51266CD2E000BCD68C /* LaunchScreen.storyboard */,
			);
			path = "Supporting files";
			sourceTree = "<group>";
		};
		B5161E5D266CD33200BCD68C /* View */ = {
			isa = PBXGroup;
			children = (
				B5161E4C266CD2DD00BCD68C /* Main.storyboard */,
			);
			path = View;
			sourceTree = "<group>";
		};
		B5161E5E266CD33600BCD68C /* View Controller */ = {
			isa = PBXGroup;
			children = (
				B5161E4A266CD2DD00BCD68C /* ViewController.swift */,
			);
			path = "View Controller";
			sourceTree = "<group>";
		};
/* End PBXGroup section */

/* Begin PBXNativeTarget section */
		B5161E42266CD2DD00BCD68C /* WeatherApp */ = {
			isa = PBXNativeTarget;
			buildConfigurationList = B5161E57266CD2E000BCD68C /* Build configuration list for PBXNativeTarget "WeatherApp" */;
			buildPhases = (
				B5161E3F266CD2DD00BCD68C /* Sources */,
				B5161E40266CD2DD00BCD68C /* Frameworks */,
				B5161E41266CD2DD00BCD68C /* Resources */,
			);
			buildRules = (
			);
			dependencies = (
			);
			name = WeatherApp;
			productName = WeatherApp;
			productReference = B5161E43266CD2DD00BCD68C /* WeatherApp.app */;
			productType = "com.apple.product-type.application";
		};
/* End PBXNativeTarget section */

/* Begin PBXProject section */
		B5161E3B266CD2DD00BCD68C /* Project object */ = {
			isa = PBXProject;
			attributes = {
				LastSwiftUpdateCheck = 1250;
				LastUpgradeCheck = 1250;
				TargetAttributes = {
					B5161E42266CD2DD00BCD68C = {
						CreatedOnToolsVersion = 12.5;
					};
				};
			};
			buildConfigurationList = B5161E3E266CD2DD00BCD68C /* Build configuration list for PBXProject "WeatherApp" */;
			compatibilityVersion = "Xcode 9.3";
			developmentRegion = en;
			hasScannedForEncodings = 0;
			knownRegions = (
				en,
				Base,
			);
			mainGroup = B5161E3A266CD2DD00BCD68C;
			productRefGroup = B5161E44266CD2DD00BCD68C /* Products */;
			projectDirPath = "";
			projectRoot = "";
			targets = (
				B5161E42266CD2DD00BCD68C /* WeatherApp */,
			);
		};
/* End PBXProject section */

/* Begin PBXResourcesBuildPhase section */
		B5161E41266CD2DD00BCD68C /* Resources */ = {
			isa = PBXResourcesBuildPhase;
			buildActionMask = 2147483647;
			files = (
				B5161E53266CD2E000BCD68C /* LaunchScreen.storyboard in Resources */,
				B5161E50266CD2E000BCD68C /* Assets.xcassets in Resources */,
				B5161E4E266CD2DD00BCD68C /* Main.storyboard in Resources */,
			);
			runOnlyForDeploymentPostprocessing = 0;
		};
/* End PBXResourcesBuildPhase section */

/* Begin PBXSourcesBuildPhase section */
		B5161E3F266CD2DD00BCD68C /* Sources */ = {
			isa = PBXSourcesBuildPhase;
			buildActionMask = 2147483647;
			files = (
				B5161E4B266CD2DD00BCD68C /* ViewController.swift in Sources */,
				B5161E60266CD77F00BCD68C /* ViewController+AlertController.swift in Sources */,
				B5161E65266CDEF800BCD68C /* CurrentWeatherData.swift in Sources */,
				B5161E68266CDF9B00BCD68C /* CurrentWeather.swift in Sources */,
				B5161E62266CDAD100BCD68C /* NetworkManager.swift in Sources */,
				B5161E47266CD2DD00BCD68C /* AppDelegate.swift in Sources */,
				B5161E49266CD2DD00BCD68C /* SceneDelegate.swift in Sources */,
			);
			runOnlyForDeploymentPostprocessing = 0;
		};
/* End PBXSourcesBuildPhase section */

/* Begin PBXVariantGroup section */
		B5161E4C266CD2DD00BCD68C /* Main.storyboard */ = {
			isa = PBXVariantGroup;
			children = (
				B5161E4D266CD2DD00BCD68C /* Base */,
			);
			name = Main.storyboard;
			sourceTree = "<group>";
		};
		B5161E51266CD2E000BCD68C /* LaunchScreen.storyboard */ = {
			isa = PBXVariantGroup;
			children = (
				B5161E52266CD2E000BCD68C /* Base */,
			);
			name = LaunchScreen.storyboard;
			sourceTree = "<group>";
		};
/* End PBXVariantGroup section */

/* Begin XCBuildConfiguration section */
		B5161E55266CD2E000BCD68C /* Debug */ = {
			isa = XCBuildConfiguration;
			buildSettings = {
				ALWAYS_SEARCH_USER_PATHS = NO;
				CLANG_ANALYZER_NONNULL = YES;
				CLANG_ANALYZER_NUMBER_OBJECT_CONVERSION = YES_AGGRESSIVE;
				CLANG_CXX_LANGUAGE_STANDARD = "gnu++14";
				CLANG_CXX_LIBRARY = "libc++";
				CLANG_ENABLE_MODULES = YES;
				CLANG_ENABLE_OBJC_ARC = YES;
				CLANG_ENABLE_OBJC_WEAK = YES;
				CLANG_WARN_BLOCK_CAPTURE_AUTORELEASING = YES;
				CLANG_WARN_BOOL_CONVERSION = YES;
				CLANG_WARN_COMMA = YES;
				CLANG_WARN_CONSTANT_CONVERSION = YES;
				CLANG_WARN_DEPRECATED_OBJC_IMPLEMENTATIONS = YES;
				CLANG_WARN_DIRECT_OBJC_ISA_USAGE = YES_ERROR;
				CLANG_WARN_DOCUMENTATION_COMMENTS = YES;
				CLANG_WARN_EMPTY_BODY = YES;
				CLANG_WARN_ENUM_CONVERSION = YES;
				CLANG_WARN_INFINITE_RECURSION = YES;
				CLANG_WARN_INT_CONVERSION = YES;
				CLANG_WARN_NON_LITERAL_NULL_CONVERSION = YES;
				CLANG_WARN_OBJC_IMPLICIT_RETAIN_SELF = YES;
				CLANG_WARN_OBJC_LITERAL_CONVERSION = YES;
				CLANG_WARN_OBJC_ROOT_CLASS = YES_ERROR;
				CLANG_WARN_QUOTED_INCLUDE_IN_FRAMEWORK_HEADER = YES;
				CLANG_WARN_RANGE_LOOP_ANALYSIS = YES;
				CLANG_WARN_STRICT_PROTOTYPES = YES;
				CLANG_WARN_SUSPICIOUS_MOVE = YES;
				CLANG_WARN_UNGUARDED_AVAILABILITY = YES_AGGRESSIVE;
				CLANG_WARN_UNREACHABLE_CODE = YES;
				CLANG_WARN__DUPLICATE_METHOD_MATCH = YES;
				COPY_PHASE_STRIP = NO;
				DEBUG_INFORMATION_FORMAT = dwarf;
				ENABLE_STRICT_OBJC_MSGSEND = YES;
				ENABLE_TESTABILITY = YES;
				GCC_C_LANGUAGE_STANDARD = gnu11;
				GCC_DYNAMIC_NO_PIC = NO;
				GCC_NO_COMMON_BLOCKS = YES;
				GCC_OPTIMIZATION_LEVEL = 0;
				GCC_PREPROCESSOR_DEFINITIONS = (
					"DEBUG=1",
					"$(inherited)",
				);
				GCC_WARN_64_TO_32_BIT_CONVERSION = YES;
				GCC_WARN_ABOUT_RETURN_TYPE = YES_ERROR;
				GCC_WARN_UNDECLARED_SELECTOR = YES;
				GCC_WARN_UNINITIALIZED_AUTOS = YES_AGGRESSIVE;
				GCC_WARN_UNUSED_FUNCTION = YES;
				GCC_WARN_UNUSED_VARIABLE = YES;
				IPHONEOS_DEPLOYMENT_TARGET = 14.5;
				MTL_ENABLE_DEBUG_INFO = INCLUDE_SOURCE;
				MTL_FAST_MATH = YES;
				ONLY_ACTIVE_ARCH = YES;
				SDKROOT = iphoneos;
				SWIFT_ACTIVE_COMPILATION_CONDITIONS = DEBUG;
				SWIFT_OPTIMIZATION_LEVEL = "-Onone";
			};
			name = Debug;
		};
		B5161E56266CD2E000BCD68C /* Release */ = {
			isa = XCBuildConfiguration;
			buildSettings = {
				ALWAYS_SEARCH_USER_PATHS = NO;
				CLANG_ANALYZER_NONNULL = YES;
				CLANG_ANALYZER_NUMBER_OBJECT_CONVERSION = YES_AGGRESSIVE;
				CLANG_CXX_LANGUAGE_STANDARD = "gnu++14";
				CLANG_CXX_LIBRARY = "libc++";
				CLANG_ENABLE_MODULES = YES;
				CLANG_ENABLE_OBJC_ARC = YES;
				CLANG_ENABLE_OBJC_WEAK = YES;
				CLANG_WARN_BLOCK_CAPTURE_AUTORELEASING = YES;
				CLANG_WARN_BOOL_CONVERSION = YES;
				CLANG_WARN_COMMA = YES;
				CLANG_WARN_CONSTANT_CONVERSION = YES;
				CLANG_WARN_DEPRECATED_OBJC_IMPLEMENTATIONS = YES;
				CLANG_WARN_DIRECT_OBJC_ISA_USAGE = YES_ERROR;
				CLANG_WARN_DOCUMENTATION_COMMENTS = YES;
				CLANG_WARN_EMPTY_BODY = YES;
				CLANG_WARN_ENUM_CONVERSION = YES;
				CLANG_WARN_INFINITE_RECURSION = YES;
				CLANG_WARN_INT_CONVERSION = YES;
				CLANG_WARN_NON_LITERAL_NULL_CONVERSION = YES;
				CLANG_WARN_OBJC_IMPLICIT_RETAIN_SELF = YES;
				CLANG_WARN_OBJC_LITERAL_CONVERSION = YES;
				CLANG_WARN_OBJC_ROOT_CLASS = YES_ERROR;
				CLANG_WARN_QUOTED_INCLUDE_IN_FRAMEWORK_HEADER = YES;
				CLANG_WARN_RANGE_LOOP_ANALYSIS = YES;
				CLANG_WARN_STRICT_PROTOTYPES = YES;
				CLANG_WARN_SUSPICIOUS_MOVE = YES;
				CLANG_WARN_UNGUARDED_AVAILABILITY = YES_AGGRESSIVE;
				CLANG_WARN_UNREACHABLE_CODE = YES;
				CLANG_WARN__DUPLICATE_METHOD_MATCH = YES;
				COPY_PHASE_STRIP = NO;
				DEBUG_INFORMATION_FORMAT = "dwarf-with-dsym";
				ENABLE_NS_ASSERTIONS = NO;
				ENABLE_STRICT_OBJC_MSGSEND = YES;
				GCC_C_LANGUAGE_STANDARD = gnu11;
				GCC_NO_COMMON_BLOCKS = YES;
				GCC_WARN_64_TO_32_BIT_CONVERSION = YES;
				GCC_WARN_ABOUT_RETURN_TYPE = YES_ERROR;
				GCC_WARN_UNDECLARED_SELECTOR = YES;
				GCC_WARN_UNINITIALIZED_AUTOS = YES_AGGRESSIVE;
				GCC_WARN_UNUSED_FUNCTION = YES;
				GCC_WARN_UNUSED_VARIABLE = YES;
				IPHONEOS_DEPLOYMENT_TARGET = 14.5;
				MTL_ENABLE_DEBUG_INFO = NO;
				MTL_FAST_MATH = YES;
				SDKROOT = iphoneos;
				SWIFT_COMPILATION_MODE = wholemodule;
				SWIFT_OPTIMIZATION_LEVEL = "-O";
				VALIDATE_PRODUCT = YES;
			};
			name = Release;
		};
		B5161E58266CD2E000BCD68C /* Debug */ = {
			isa = XCBuildConfiguration;
			buildSettings = {
				ASSETCATALOG_COMPILER_APPICON_NAME = AppIcon;
				ASSETCATALOG_COMPILER_GLOBAL_ACCENT_COLOR_NAME = AccentColor;
				CODE_SIGN_STYLE = Automatic;
				DEVELOPMENT_TEAM = 9M22VP3W56;
				INFOPLIST_FILE = "Supporting files/Info.plist";
				LD_RUNPATH_SEARCH_PATHS = (
					"$(inherited)",
					"@executable_path/Frameworks",
				);
				PRODUCT_BUNDLE_IDENTIFIER = sl.WeatherApp;
				PRODUCT_NAME = "$(TARGET_NAME)";
				SWIFT_VERSION = 5.0;
				TARGETED_DEVICE_FAMILY = "1,2";
			};
			name = Debug;
		};
		B5161E59266CD2E000BCD68C /* Release */ = {
			isa = XCBuildConfiguration;
			buildSettings = {
				ASSETCATALOG_COMPILER_APPICON_NAME = AppIcon;
				ASSETCATALOG_COMPILER_GLOBAL_ACCENT_COLOR_NAME = AccentColor;
				CODE_SIGN_STYLE = Automatic;
				DEVELOPMENT_TEAM = 9M22VP3W56;
				INFOPLIST_FILE = "Supporting files/Info.plist";
				LD_RUNPATH_SEARCH_PATHS = (
					"$(inherited)",
					"@executable_path/Frameworks",
				);
				PRODUCT_BUNDLE_IDENTIFIER = sl.WeatherApp;
				PRODUCT_NAME = "$(TARGET_NAME)";
				SWIFT_VERSION = 5.0;
				TARGETED_DEVICE_FAMILY = "1,2";
			};
			name = Release;
		};
/* End XCBuildConfiguration section */

/* Begin XCConfigurationList section */
		B5161E3E266CD2DD00BCD68C /* Build configuration list for PBXProject "WeatherApp" */ = {
			isa = XCConfigurationList;
			buildConfigurations = (
				B5161E55266CD2E000BCD68C /* Debug */,
				B5161E56266CD2E000BCD68C /* Release */,
			);
			defaultConfigurationIsVisible = 0;
			defaultConfigurationName = Release;
		};
		B5161E57266CD2E000BCD68C /* Build configuration list for PBXNativeTarget "WeatherApp" */ = {
			isa = XCConfigurationList;
			buildConfigurations = (
				B5161E58266CD2E000BCD68C /* Debug */,
				B5161E59266CD2E000BCD68C /* Release */,
			);
			defaultConfigurationIsVisible = 0;
			defaultConfigurationName = Release;
		};
/* End XCConfigurationList section */
	};
	rootObject = B5161E3B266CD2DD00BCD68C /* Project object */;
}
